// !$*UTF8*$!
{
	archiveVersion = 1;
	classes = {
	};
	objectVersion = 48;
	objects = {

/* Begin PBXBuildFile section */
		3E2F4698206F780F00174B77 /* AppDelegate.m in Sources */ = {isa = PBXBuildFile; fileRef = 3E2F4697206F780F00174B77 /* AppDelegate.m */; };
		3E2F469B206F780F00174B77 /* ViewController.m in Sources */ = {isa = PBXBuildFile; fileRef = 3E2F469A206F780F00174B77 /* ViewController.m */; };
		3E2F469E206F780F00174B77 /* Main.storyboard in Resources */ = {isa = PBXBuildFile; fileRef = 3E2F469C206F780F00174B77 /* Main.storyboard */; };
		3E2F46A0206F780F00174B77 /* Assets.xcassets in Resources */ = {isa = PBXBuildFile; fileRef = 3E2F469F206F780F00174B77 /* Assets.xcassets */; };
		3E2F46A3206F780F00174B77 /* LaunchScreen.storyboard in Resources */ = {isa = PBXBuildFile; fileRef = 3E2F46A1206F780F00174B77 /* LaunchScreen.storyboard */; };
		3E2F46A6206F780F00174B77 /* main.m in Sources */ = {isa = PBXBuildFile; fileRef = 3E2F46A5206F780F00174B77 /* main.m */; };
		3E2F46B0206F780F00174B77 /* _____Tests.m in Sources */ = {isa = PBXBuildFile; fileRef = 3E2F46AF206F780F00174B77 /* _____Tests.m */; };
		3E2F46BB206F781000174B77 /* _____UITests.m in Sources */ = {isa = PBXBuildFile; fileRef = 3E2F46BA206F781000174B77 /* _____UITests.m */; };
		3E2F46CB206F784100174B77 /* TimeTool.m in Sources */ = {isa = PBXBuildFile; fileRef = 3E2F46CA206F784100174B77 /* TimeTool.m */; };
/* End PBXBuildFile section */

/* Begin PBXContainerItemProxy section */
		3E2F46AC206F780F00174B77 /* PBXContainerItemProxy */ = {
			isa = PBXContainerItemProxy;
			containerPortal = 3E2F468B206F780F00174B77 /* Project object */;
			proxyType = 1;
			remoteGlobalIDString = 3E2F4692206F780F00174B77;
			remoteInfo = "计算时间差";
		};
		3E2F46B7206F781000174B77 /* PBXContainerItemProxy */ = {
			isa = PBXContainerItemProxy;
			containerPortal = 3E2F468B206F780F00174B77 /* Project object */;
			proxyType = 1;
			remoteGlobalIDString = 3E2F4692206F780F00174B77;
			remoteInfo = "计算时间差";
		};
/* End PBXContainerItemProxy section */

/* Begin PBXFileReference section */
		3E2F4693206F780F00174B77 /* 计算时间差.app */ = {isa = PBXFileReference; explicitFileType = wrapper.application; includeInIndex = 0; path = "计算时间差.app"; sourceTree = BUILT_PRODUCTS_DIR; };
		3E2F4696206F780F00174B77 /* AppDelegate.h */ = {isa = PBXFileReference; lastKnownFileType = sourcecode.c.h; path = AppDelegate.h; sourceTree = "<group>"; };
		3E2F4697206F780F00174B77 /* AppDelegate.m */ = {isa = PBXFileReference; lastKnownFileType = sourcecode.c.objc; path = AppDelegate.m; sourceTree = "<group>"; };
		3E2F4699206F780F00174B77 /* ViewController.h */ = {isa = PBXFileReference; lastKnownFileType = sourcecode.c.h; path = ViewController.h; sourceTree = "<group>"; };
		3E2F469A206F780F00174B77 /* ViewController.m */ = {isa = PBXFileReference; lastKnownFileType = sourcecode.c.objc; path = ViewController.m; sourceTree = "<group>"; };
		3E2F469D206F780F00174B77 /* Base */ = {isa = PBXFileReference; lastKnownFileType = file.storyboard; name = Base; path = Base.lproj/Main.storyboard; sourceTree = "<group>"; };
		3E2F469F206F780F00174B77 /* Assets.xcassets */ = {isa = PBXFileReference; lastKnownFileType = folder.assetcatalog; path = Assets.xcassets; sourceTree = "<group>"; };
		3E2F46A2206F780F00174B77 /* Base */ = {isa = PBXFileReference; lastKnownFileType = file.storyboard; name = Base; path = Base.lproj/LaunchScreen.storyboard; sourceTree = "<group>"; };
		3E2F46A4206F780F00174B77 /* Info.plist */ = {isa = PBXFileReference; lastKnownFileType = text.plist.xml; path = Info.plist; sourceTree = "<group>"; };
		3E2F46A5206F780F00174B77 /* main.m */ = {isa = PBXFileReference; lastKnownFileType = sourcecode.c.objc; path = main.m; sourceTree = "<group>"; };
		3E2F46AB206F780F00174B77 /* 计算时间差Tests.xctest */ = {isa = PBXFileReference; explicitFileType = wrapper.cfbundle; includeInIndex = 0; path = "计算时间差Tests.xctest"; sourceTree = BUILT_PRODUCTS_DIR; };
		3E2F46AF206F780F00174B77 /* _____Tests.m */ = {isa = PBXFileReference; lastKnownFileType = sourcecode.c.objc; path = "_____Tests.m"; sourceTree = "<group>"; };
		3E2F46B1206F780F00174B77 /* Info.plist */ = {isa = PBXFileReference; lastKnownFileType = text.plist.xml; path = Info.plist; sourceTree = "<group>"; };
		3E2F46B6206F781000174B77 /* 计算时间差UITests.xctest */ = {isa = PBXFileReference; explicitFileType = wrapper.cfbundle; includeInIndex = 0; path = "计算时间差UITests.xctest"; sourceTree = BUILT_PRODUCTS_DIR; };
		3E2F46BA206F781000174B77 /* _____UITests.m */ = {isa = PBXFileReference; lastKnownFileType = sourcecode.c.objc; path = "_____UITests.m"; sourceTree = "<group>"; };
		3E2F46BC206F781000174B77 /* Info.plist */ = {isa = PBXFileReference; lastKnownFileType = text.plist.xml; path = Info.plist; sourceTree = "<group>"; };
		3E2F46C9206F784100174B77 /* TimeTool.h */ = {isa = PBXFileReference; fileEncoding = 4; lastKnownFileType = sourcecode.c.h; path = TimeTool.h; sourceTree = "<group>"; };
		3E2F46CA206F784100174B77 /* TimeTool.m */ = {isa = PBXFileReference; fileEncoding = 4; lastKnownFileType = sourcecode.c.objc; path = TimeTool.m; sourceTree = "<group>"; };
/* End PBXFileReference section */

/* Begin PBXFrameworksBuildPhase section */
		3E2F4690206F780F00174B77 /* Frameworks */ = {
			isa = PBXFrameworksBuildPhase;
			buildActionMask = 2147483647;
			files = (
			);
			runOnlyForDeploymentPostprocessing = 0;
		};
		3E2F46A8206F780F00174B77 /* Frameworks */ = {
			isa = PBXFrameworksBuildPhase;
			buildActionMask = 2147483647;
			files = (
			);
			runOnlyForDeploymentPostprocessing = 0;
		};
		3E2F46B3206F781000174B77 /* Frameworks */ = {
			isa = PBXFrameworksBuildPhase;
			buildActionMask = 2147483647;
			files = (
			);
			runOnlyForDeploymentPostprocessing = 0;
		};
/* End PBXFrameworksBuildPhase section */

/* Begin PBXGroup section */
		3E2F468A206F780F00174B77 = {
			isa = PBXGroup;
			children = (
				3E2F4695206F780F00174B77 /* 计算时间差 */,
				3E2F46AE206F780F00174B77 /* 计算时间差Tests */,
				3E2F46B9206F781000174B77 /* 计算时间差UITests */,
				3E2F4694206F780F00174B77 /* Products */,
			);
			sourceTree = "<group>";
		};
		3E2F4694206F780F00174B77 /* Products */ = {
			isa = PBXGroup;
			children = (
				3E2F4693206F780F00174B77 /* 计算时间差.app */,
				3E2F46AB206F780F00174B77 /* 计算时间差Tests.xctest */,
				3E2F46B6206F781000174B77 /* 计算时间差UITests.xctest */,
			);
			name = Products;
			sourceTree = "<group>";
		};
		3E2F4695206F780F00174B77 /* 计算时间差 */ = {
			isa = PBXGroup;
			children = (
				3E2F46C8206F784100174B77 /* TimeTools */,
				3E2F4696206F780F00174B77 /* AppDelegate.h */,
				3E2F4697206F780F00174B77 /* AppDelegate.m */,
				3E2F4699206F780F00174B77 /* ViewController.h */,
				3E2F469A206F780F00174B77 /* ViewController.m */,
				3E2F469C206F780F00174B77 /* Main.storyboard */,
				3E2F469F206F780F00174B77 /* Assets.xcassets */,
				3E2F46A1206F780F00174B77 /* LaunchScreen.storyboard */,
				3E2F46A4206F780F00174B77 /* Info.plist */,
				3E2F46A5206F780F00174B77 /* main.m */,
			);
			path = "计算时间差";
			sourceTree = "<group>";
		};
		3E2F46AE206F780F00174B77 /* 计算时间差Tests */ = {
			isa = PBXGroup;
			children = (
				3E2F46AF206F780F00174B77 /* _____Tests.m */,
				3E2F46B1206F780F00174B77 /* Info.plist */,
			);
			path = "计算时间差Tests";
			sourceTree = "<group>";
		};
		3E2F46B9206F781000174B77 /* 计算时间差UITests */ = {
			isa = PBXGroup;
			children = (
				3E2F46BA206F781000174B77 /* _____UITests.m */,
				3E2F46BC206F781000174B77 /* Info.plist */,
			);
			path = "计算时间差UITests";
			sourceTree = "<group>";
		};
		3E2F46C8206F784100174B77 /* TimeTools */ = {
			isa = PBXGroup;
			children = (
				3E2F46C9206F784100174B77 /* TimeTool.h */,
				3E2F46CA206F784100174B77 /* TimeTool.m */,
			);
			path = TimeTools;
			sourceTree = "<group>";
		};
/* End PBXGroup section */

/* Begin PBXNativeTarget section */
		3E2F4692206F780F00174B77 /* 计算时间差 */ = {
			isa = PBXNativeTarget;
			buildConfigurationList = 3E2F46BF206F781000174B77 /* Build configuration list for PBXNativeTarget "计算时间差" */;
			buildPhases = (
				3E2F468F206F780F00174B77 /* Sources */,
				3E2F4690206F780F00174B77 /* Frameworks */,
				3E2F4691206F780F00174B77 /* Resources */,
			);
			buildRules = (
			);
			dependencies = (
			);
			name = "计算时间差";
			productName = "计算时间差";
			productReference = 3E2F4693206F780F00174B77 /* 计算时间差.app */;
			productType = "com.apple.product-type.application";
		};
		3E2F46AA206F780F00174B77 /* 计算时间差Tests */ = {
			isa = PBXNativeTarget;
			buildConfigurationList = 3E2F46C2206F781000174B77 /* Build configuration list for PBXNativeTarget "计算时间差Tests" */;
			buildPhases = (
				3E2F46A7206F780F00174B77 /* Sources */,
				3E2F46A8206F780F00174B77 /* Frameworks */,
				3E2F46A9206F780F00174B77 /* Resources */,
			);
			buildRules = (
			);
			dependencies = (
				3E2F46AD206F780F00174B77 /* PBXTargetDependency */,
			);
			name = "计算时间差Tests";
			productName = "计算时间差Tests";
			productReference = 3E2F46AB206F780F00174B77 /* 计算时间差Tests.xctest */;
			productType = "com.apple.product-type.bundle.unit-test";
		};
		3E2F46B5206F781000174B77 /* 计算时间差UITests */ = {
			isa = PBXNativeTarget;
			buildConfigurationList = 3E2F46C5206F781000174B77 /* Build configuration list for PBXNativeTarget "计算时间差UITests" */;
			buildPhases = (
				3E2F46B2206F781000174B77 /* Sources */,
				3E2F46B3206F781000174B77 /* Frameworks */,
				3E2F46B4206F781000174B77 /* Resources */,
			);
			buildRules = (
			);
			dependencies = (
				3E2F46B8206F781000174B77 /* PBXTargetDependency */,
			);
			name = "计算时间差UITests";
			productName = "计算时间差UITests";
			productReference = 3E2F46B6206F781000174B77 /* 计算时间差UITests.xctest */;
			productType = "com.apple.product-type.bundle.ui-testing";
		};
/* End PBXNativeTarget section */

/* Begin PBXProject section */
		3E2F468B206F780F00174B77 /* Project object */ = {
			isa = PBXProject;
			attributes = {
				LastUpgradeCheck = 0920;
				ORGANIZATIONNAME = "曹记";
				TargetAttributes = {
					3E2F4692206F780F00174B77 = {
						CreatedOnToolsVersion = 9.2;
						ProvisioningStyle = Automatic;
					};
					3E2F46AA206F780F00174B77 = {
						CreatedOnToolsVersion = 9.2;
						ProvisioningStyle = Automatic;
						TestTargetID = 3E2F4692206F780F00174B77;
					};
					3E2F46B5206F781000174B77 = {
						CreatedOnToolsVersion = 9.2;
						ProvisioningStyle = Automatic;
						TestTargetID = 3E2F4692206F780F00174B77;
					};
				};
			};
			buildConfigurationList = 3E2F468E206F780F00174B77 /* Build configuration list for PBXProject "计算时间差" */;
			compatibilityVersion = "Xcode 8.0";
			developmentRegion = en;
			hasScannedForEncodings = 0;
			knownRegions = (
				en,
				Base,
			);
			mainGroup = 3E2F468A206F780F00174B77;
			productRefGroup = 3E2F4694206F780F00174B77 /* Products */;
			projectDirPath = "";
			projectRoot = "";
			targets = (
				3E2F4692206F780F00174B77 /* 计算时间差 */,
				3E2F46AA206F780F00174B77 /* 计算时间差Tests */,
				3E2F46B5206F781000174B77 /* 计算时间差UITests */,
			);
		};
/* End PBXProject section */

/* Begin PBXResourcesBuildPhase section */
		3E2F4691206F780F00174B77 /* Resources */ = {
			isa = PBXResourcesBuildPhase;
			buildActionMask = 2147483647;
			files = (
				3E2F46A3206F780F00174B77 /* LaunchScreen.storyboard in Resources */,
				3E2F46A0206F780F00174B77 /* Assets.xcassets in Resources */,
				3E2F469E206F780F00174B77 /* Main.storyboard in Resources */,
			);
			runOnlyForDeploymentPostprocessing = 0;
		};
		3E2F46A9206F780F00174B77 /* Resources */ = {
			isa = PBXResourcesBuildPhase;
			buildActionMask = 2147483647;
			files = (
			);
			runOnlyForDeploymentPostprocessing = 0;
		};
		3E2F46B4206F781000174B77 /* Resources */ = {
			isa = PBXResourcesBuildPhase;
			buildActionMask = 2147483647;
			files = (
			);
			runOnlyForDeploymentPostprocessing = 0;
		};
/* End PBXResourcesBuildPhase section */

/* Begin PBXSourcesBuildPhase section */
		3E2F468F206F780F00174B77 /* Sources */ = {
			isa = PBXSourcesBuildPhase;
			buildActionMask = 2147483647;
			files = (
				3E2F469B206F780F00174B77 /* ViewController.m in Sources */,
				3E2F46A6206F780F00174B77 /* main.m in Sources */,
				3E2F46CB206F784100174B77 /* TimeTool.m in Sources */,
				3E2F4698206F780F00174B77 /* AppDelegate.m in Sources */,
			);
			runOnlyForDeploymentPostprocessing = 0;
		};
		3E2F46A7206F780F00174B77 /* Sources */ = {
			isa = PBXSourcesBuildPhase;
			buildActionMask = 2147483647;
			files = (
				3E2F46B0206F780F00174B77 /* _____Tests.m in Sources */,
			);
			runOnlyForDeploymentPostprocessing = 0;
		};
		3E2F46B2206F781000174B77 /* Sources */ = {
			isa = PBXSourcesBuildPhase;
			buildActionMask = 2147483647;
			files = (
				3E2F46BB206F781000174B77 /* _____UITests.m in Sources */,
			);
			runOnlyForDeploymentPostprocessing = 0;
		};
/* End PBXSourcesBuildPhase section */

/* Begin PBXTargetDependency section */
		3E2F46AD206F780F00174B77 /* PBXTargetDependency */ = {
			isa = PBXTargetDependency;
			target = 3E2F4692206F780F00174B77 /* 计算时间差 */;
			targetProxy = 3E2F46AC206F780F00174B77 /* PBXContainerItemProxy */;
		};
		3E2F46B8206F781000174B77 /* PBXTargetDependency */ = {
			isa = PBXTargetDependency;
			target = 3E2F4692206F780F00174B77 /* 计算时间差 */;
			targetProxy = 3E2F46B7206F781000174B77 /* PBXContainerItemProxy */;
		};
/* End PBXTargetDependency section */

/* Begin PBXVariantGroup section */
		3E2F469C206F780F00174B77 /* Main.storyboard */ = {
			isa = PBXVariantGroup;
			children = (
				3E2F469D206F780F00174B77 /* Base */,
			);
			name = Main.storyboard;
			sourceTree = "<group>";
		};
		3E2F46A1206F780F00174B77 /* LaunchScreen.storyboard */ = {
			isa = PBXVariantGroup;
			children = (
				3E2F46A2206F780F00174B77 /* Base */,
			);
			name = LaunchScreen.storyboard;
			sourceTree = "<group>";
		};
/* End PBXVariantGroup section */

/* Begin XCBuildConfiguration section */
		3E2F46BD206F781000174B77 /* Debug */ = {
			isa = XCBuildConfiguration;
			buildSettings = {
				ALWAYS_SEARCH_USER_PATHS = NO;
				CLANG_ANALYZER_NONNULL = YES;
				CLANG_ANALYZER_NUMBER_OBJECT_CONVERSION = YES_AGGRESSIVE;
				CLANG_CXX_LANGUAGE_STANDARD = "gnu++14";
				CLANG_CXX_LIBRARY = "libc++";
				CLANG_ENABLE_MODULES = YES;
				CLANG_ENABLE_OBJC_ARC = YES;
				CLANG_WARN_BLOCK_CAPTURE_AUTORELEASING = YES;
				CLANG_WARN_BOOL_CONVERSION = YES;
				CLANG_WARN_COMMA = YES;
				CLANG_WARN_CONSTANT_CONVERSION = YES;
				CLANG_WARN_DIRECT_OBJC_ISA_USAGE = YES_ERROR;
				CLANG_WARN_DOCUMENTATION_COMMENTS = YES;
				CLANG_WARN_EMPTY_BODY = YES;
				CLANG_WARN_ENUM_CONVERSION = YES;
				CLANG_WARN_INFINITE_RECURSION = YES;
				CLANG_WARN_INT_CONVERSION = YES;
				CLANG_WARN_NON_LITERAL_NULL_CONVERSION = YES;
				CLANG_WARN_OBJC_LITERAL_CONVERSION = YES;
				CLANG_WARN_OBJC_ROOT_CLASS = YES_ERROR;
				CLANG_WARN_RANGE_LOOP_ANALYSIS = YES;
				CLANG_WARN_STRICT_PROTOTYPES = YES;
				CLANG_WARN_SUSPICIOUS_MOVE = YES;
				CLANG_WARN_UNGUARDED_AVAILABILITY = YES_AGGRESSIVE;
				CLANG_WARN_UNREACHABLE_CODE = YES;
				CLANG_WARN__DUPLICATE_METHOD_MATCH = YES;
				CODE_SIGN_IDENTITY = "iPhone Developer";
				COPY_PHASE_STRIP = NO;
				DEBUG_INFORMATION_FORMAT = dwarf;
				ENABLE_STRICT_OBJC_MSGSEND = YES;
				ENABLE_TESTABILITY = YES;
				GCC_C_LANGUAGE_STANDARD = gnu11;
				GCC_DYNAMIC_NO_PIC = NO;
				GCC_NO_COMMON_BLOCKS = YES;
				GCC_OPTIMIZATION_LEVEL = 0;
				GCC_PREPROCESSOR_DEFINITIONS = (
					"DEBUG=1",
					"$(inherited)",
				);
				GCC_WARN_64_TO_32_BIT_CONVERSION = YES;
				GCC_WARN_ABOUT_RETURN_TYPE = YES_ERROR;
				GCC_WARN_UNDECLARED_SELECTOR = YES;
				GCC_WARN_UNINITIALIZED_AUTOS = YES_AGGRESSIVE;
				GCC_WARN_UNUSED_FUNCTION = YES;
				GCC_WARN_UNUSED_VARIABLE = YES;
				IPHONEOS_DEPLOYMENT_TARGET = 11.2;
				MTL_ENABLE_DEBUG_INFO = YES;
				ONLY_ACTIVE_ARCH = YES;
				SDKROOT = iphoneos;
			};
			name = Debug;
		};
		3E2F46BE206F781000174B77 /* Release */ = {
			isa = XCBuildConfiguration;
			buildSettings = {
				ALWAYS_SEARCH_USER_PATHS = NO;
				CLANG_ANALYZER_NONNULL = YES;
				CLANG_ANALYZER_NUMBER_OBJECT_CONVERSION = YES_AGGRESSIVE;
				CLANG_CXX_LANGUAGE_STANDARD = "gnu++14";
				CLANG_CXX_LIBRARY = "libc++";
				CLANG_ENABLE_MODULES = YES;
				CLANG_ENABLE_OBJC_ARC = YES;
				CLANG_WARN_BLOCK_CAPTURE_AUTORELEASING = YES;
				CLANG_WARN_BOOL_CONVERSION = YES;
				CLANG_WARN_COMMA = YES;
				CLANG_WARN_CONSTANT_CONVERSION = YES;
				CLANG_WARN_DIRECT_OBJC_ISA_USAGE = YES_ERROR;
				CLANG_WARN_DOCUMENTATION_COMMENTS = YES;
				CLANG_WARN_EMPTY_BODY = YES;
				CLANG_WARN_ENUM_CONVERSION = YES;
				CLANG_WARN_INFINITE_RECURSION = YES;
				CLANG_WARN_INT_CONVERSION = YES;
				CLANG_WARN_NON_LITERAL_NULL_CONVERSION = YES;
				CLANG_WARN_OBJC_LITERAL_CONVERSION = YES;
				CLANG_WARN_OBJC_ROOT_CLASS = YES_ERROR;
				CLANG_WARN_RANGE_LOOP_ANALYSIS = YES;
				CLANG_WARN_STRICT_PROTOTYPES = YES;
				CLANG_WARN_SUSPICIOUS_MOVE = YES;
				CLANG_WARN_UNGUARDED_AVAILABILITY = YES_AGGRESSIVE;
				CLANG_WARN_UNREACHABLE_CODE = YES;
				CLANG_WARN__DUPLICATE_METHOD_MATCH = YES;
				CODE_SIGN_IDENTITY = "iPhone Developer";
				COPY_PHASE_STRIP = NO;
				DEBUG_INFORMATION_FORMAT = "dwarf-with-dsym";
				ENABLE_NS_ASSERTIONS = NO;
				ENABLE_STRICT_OBJC_MSGSEND = YES;
				GCC_C_LANGUAGE_STANDARD = gnu11;
				GCC_NO_COMMON_BLOCKS = YES;
				GCC_WARN_64_TO_32_BIT_CONVERSION = YES;
				GCC_WARN_ABOUT_RETURN_TYPE = YES_ERROR;
				GCC_WARN_UNDECLARED_SELECTOR = YES;
				GCC_WARN_UNINITIALIZED_AUTOS = YES_AGGRESSIVE;
				GCC_WARN_UNUSED_FUNCTION = YES;
				GCC_WARN_UNUSED_VARIABLE = YES;
				IPHONEOS_DEPLOYMENT_TARGET = 11.2;
				MTL_ENABLE_DEBUG_INFO = NO;
				SDKROOT = iphoneos;
				VALIDATE_PRODUCT = YES;
			};
			name = Release;
		};
		3E2F46C0206F781000174B77 /* Debug */ = {
			isa = XCBuildConfiguration;
			buildSettings = {
				ASSETCATALOG_COMPILER_APPICON_NAME = AppIcon;
				CODE_SIGN_STYLE = Automatic;
				DEVELOPMENT_TEAM = 32MQWCT2QN;
				INFOPLIST_FILE = "计算时间差/Info.plist";
				LD_RUNPATH_SEARCH_PATHS = "$(inherited) @executable_path/Frameworks";
				PRODUCT_BUNDLE_IDENTIFIER = "caojicom.com.-----";
				PRODUCT_NAME = "$(TARGET_NAME)";
				TARGETED_DEVICE_FAMILY = "1,2";
			};
			name = Debug;
		};
		3E2F46C1206F781000174B77 /* Release */ = {
			isa = XCBuildConfiguration;
			buildSettings = {
				ASSETCATALOG_COMPILER_APPICON_NAME = AppIcon;
				CODE_SIGN_STYLE = Automatic;
				DEVELOPMENT_TEAM = 32MQWCT2QN;
				INFOPLIST_FILE = "计算时间差/Info.plist";
				LD_RUNPATH_SEARCH_PATHS = "$(inherited) @executable_path/Frameworks";
				PRODUCT_BUNDLE_IDENTIFIER = "caojicom.com.-----";
				PRODUCT_NAME = "$(TARGET_NAME)";
				TARGETED_DEVICE_FAMILY = "1,2";
			};
			name = Release;
		};
		3E2F46C3206F781000174B77 /* Debug */ = {
			isa = XCBuildConfiguration;
			buildSettings = {
				BUNDLE_LOADER = "$(TEST_HOST)";
				CODE_SIGN_STYLE = Automatic;
				INFOPLIST_FILE = "计算时间差Tests/Info.plist";
				LD_RUNPATH_SEARCH_PATHS = "$(inherited) @executable_path/Frameworks @loader_path/Frameworks";
				PRODUCT_BUNDLE_IDENTIFIER = "caojicom.com.-----Tests";
				PRODUCT_NAME = "$(TARGET_NAME)";
				TARGETED_DEVICE_FAMILY = "1,2";
				TEST_HOST = "$(BUILT_PRODUCTS_DIR)/计算时间差.app/计算时间差";
			};
			name = Debug;
		};
		3E2F46C4206F781000174B77 /* Release */ = {
			isa = XCBuildConfiguration;
			buildSettings = {
				BUNDLE_LOADER = "$(TEST_HOST)";
				CODE_SIGN_STYLE = Automatic;
				INFOPLIST_FILE = "计算时间差Tests/Info.plist";
				LD_RUNPATH_SEARCH_PATHS = "$(inherited) @executable_path/Frameworks @loader_path/Frameworks";
				PRODUCT_BUNDLE_IDENTIFIER = "caojicom.com.-----Tests";
				PRODUCT_NAME = "$(TARGET_NAME)";
				TARGETED_DEVICE_FAMILY = "1,2";
				TEST_HOST = "$(BUILT_PRODUCTS_DIR)/计算时间差.app/计算时间差";
			};
			name = Release;
		};
		3E2F46C6206F781000174B77 /* Debug */ = {
			isa = XCBuildConfiguration;
			buildSettings = {
				CODE_SIGN_STYLE = Automatic;
				INFOPLIST_FILE = "计算时间差UITests/Info.plist";
				LD_RUNPATH_SEARCH_PATHS = "$(inherited) @executable_path/Frameworks @loader_path/Frameworks";
				PRODUCT_BUNDLE_IDENTIFIER = "caojicom.com.-----UITests";
				PRODUCT_NAME = "$(TARGET_NAME)";
				TARGETED_DEVICE_FAMILY = "1,2";
				TEST_TARGET_NAME = "计算时间差";
			};
			name = Debug;
		};
		3E2F46C7206F781000174B77 /* Release */ = {
			isa = XCBuildConfiguration;
			buildSettings = {
				CODE_SIGN_STYLE = Automatic;
				INFOPLIST_FILE = "计算时间差UITests/Info.plist";
				LD_RUNPATH_SEARCH_PATHS = "$(inherited) @executable_path/Frameworks @loader_path/Frameworks";
				PRODUCT_BUNDLE_IDENTIFIER = "caojicom.com.-----UITests";
				PRODUCT_NAME = "$(TARGET_NAME)";
				TARGETED_DEVICE_FAMILY = "1,2";
				TEST_TARGET_NAME = "计算时间差";
			};
			name = Release;
		};
/* End XCBuildConfiguration section */

/* Begin XCConfigurationList section */
		3E2F468E206F780F00174B77 /* Build configuration list for PBXProject "计算时间差" */ = {
			isa = XCConfigurationList;
			buildConfigurations = (
				3E2F46BD206F781000174B77 /* Debug */,
				3E2F46BE206F781000174B77 /* Release */,
			);
			defaultConfigurationIsVisible = 0;
			defaultConfigurationName = Release;
		};
		3E2F46BF206F781000174B77 /* Build configuration list for PBXNativeTarget "计算时间差" */ = {
			isa = XCConfigurationList;
			buildConfigurations = (
				3E2F46C0206F781000174B77 /* Debug */,
				3E2F46C1206F781000174B77 /* Release */,
			);
			defaultConfigurationIsVisible = 0;
			defaultConfigurationName = Release;
		};
		3E2F46C2206F781000174B77 /* Build configuration list for PBXNativeTarget "计算时间差Tests" */ = {
			isa = XCConfigurationList;
			buildConfigurations = (
				3E2F46C3206F781000174B77 /* Debug */,
				3E2F46C4206F781000174B77 /* Release */,
			);
			defaultConfigurationIsVisible = 0;
			defaultConfigurationName = Release;
		};
		3E2F46C5206F781000174B77 /* Build configuration list for PBXNativeTarget "计算时间差UITests" */ = {
			isa = XCConfigurationList;
			buildConfigurations = (
				3E2F46C6206F781000174B77 /* Debug */,
				3E2F46C7206F781000174B77 /* Release */,
			);
			defaultConfigurationIsVisible = 0;
			defaultConfigurationName = Release;
		};
/* End XCConfigurationList section */
	};
	rootObject = 3E2F468B206F780F00174B77 /* Project object */;
}
